PODS:
  - Alamofire (5.2.1)
  - BiometricAuthentication (3.1.2)
  - CryptoSwift (1.3.1)
  - Observable (2.0.1)

DEPENDENCIES:
  - Alamofire (~> 5.2)
  - BiometricAuthentication
  - CryptoSwift (~> 1.0)
  - Observable

SPEC REPOS:
  trunk:
    - Alamofire
    - BiometricAuthentication
    - CryptoSwift
    - Observable

SPEC CHECKSUMS:
  Alamofire: e911732990610fe89af59ac0077f923d72dc3dfd
  BiometricAuthentication: 36445f3ab77699489f91995bed887be89890afac
  CryptoSwift: f12f037f6d0fcd6d48c96db0071b653de64e6c4d
  Observable: c94150db5a2e43391d46a247bd395ce1a544b81a

PODFILE CHECKSUM: b6d0b885c885e941cfd767113e5c43f6a5ce73f9

COCOAPODS: 1.9.3
